{
    "_readme": [
        "This file locks the dependencies of your project to a known state",
        "Read more about it at https://getcomposer.org/doc/01-basic-usage.md#installing-dependencies",
        "This file is @generated automatically"
    ],
    "content-hash": "893216e136f402405651e20c50787c02",
    "packages": [
        {
            "name": "cweagans/composer-patches",
            "version": "1.7.3",
            "source": {
                "type": "git",
                "url": "https://github.com/cweagans/composer-patches.git",
                "reference": "e190d4466fe2b103a55467dfa83fc2fecfcaf2db"
            },
            "dist": {
                "type": "zip",
                "url": "https://api.github.com/repos/cweagans/composer-patches/zipball/e190d4466fe2b103a55467dfa83fc2fecfcaf2db",
                "reference": "e190d4466fe2b103a55467dfa83fc2fecfcaf2db",
                "shasum": ""
            },
            "require": {
                "composer-plugin-api": "^1.0 || ^2.0",
                "php": ">=5.3.0"
            },
            "require-dev": {
                "composer/composer": "~1.0 || ~2.0",
                "phpunit/phpunit": "~4.6"
            },
            "type": "composer-plugin",
            "extra": {
                "class": "cweagans\\Composer\\Patches"
            },
            "autoload": {
                "psr-4": {
                    "cweagans\\Composer\\": "src"
                }
            },
            "notification-url": "https://packagist.org/downloads/",
            "license": [
                "BSD-3-Clause"
            ],
            "authors": [
                {
                    "name": "Cameron Eagans",
                    "email": "me@cweagans.net"
                }
            ],
            "description": "Provides a way to patch Composer packages.",
            "support": {
                "issues": "https://github.com/cweagans/composer-patches/issues",
                "source": "https://github.com/cweagans/composer-patches/tree/1.7.3"
            },
            "time": "2022-12-20T22:53:13+00:00"
        },
        {
            "name": "davidrjonas/composer-lock-diff",
            "version": "1.7.0",
            "source": {
                "type": "git",
                "url": "https://github.com/davidrjonas/composer-lock-diff.git",
                "reference": "3c39a39849e6d235e588c6ae273d97c8785e9008"
            },
            "dist": {
                "type": "zip",
                "url": "https://api.github.com/repos/davidrjonas/composer-lock-diff/zipball/3c39a39849e6d235e588c6ae273d97c8785e9008",
                "reference": "3c39a39849e6d235e588c6ae273d97c8785e9008",
                "shasum": ""
            },
            "bin": [
                "composer-lock-diff"
            ],
            "type": "library",
            "extra": {
                "branch-alias": {
                    "dev-master": "1.0.x-dev"
                }
            },
            "notification-url": "https://packagist.org/downloads/",
            "license": [
                "MIT"
            ],
            "authors": [
                {
                    "name": "David Jonas",
                    "homepage": "https://github.com/davidrjonas"
                }
            ],
            "description": "See what has changed after a composer update.",
            "support": {
                "issues": "https://github.com/davidrjonas/composer-lock-diff/issues",
                "source": "https://github.com/davidrjonas/composer-lock-diff/tree/1.7.0"
            },
            "time": "2022-03-11T17:43:07+00:00"
        }
    ],
    "packages-dev": [],
    "aliases": [],
    "minimum-stability": "stable",
    "stability-flags": {},
    "prefer-stable": true,
    "prefer-lowest": false,
    "platform": {
        "composer-runtime-api": "^2"
    },
    "platform-dev": {},
    "platform-overrides": {
        "php": "8.1.13"
    },
    "plugin-api-version": "2.9.0"
}
